
Microsoft Visual Studio Solution File, Format Version 12.00
# Visual Studio Version 17
VisualStudioVersion = 17.0.31903.59
MinimumVisualStudioVersion = 10.0.40219.1
Project("{2150E333-8FDC-42A3-9474-1A3956D46DE8}") = "c#", "c#", "{1DBD47E2-544B-F58A-27AE-70AE938492FA}"
EndProject
Project("{FAE04EC0-301F-11D3-BF4B-00C04F79EFBC}") = "oop1-lab1", "c#\oop1-lab1\oop1-lab1.csproj", "{76014A88-1F58-450A-9225-CEB19338094A}"
EndProject
Global
	GlobalSection(SolutionConfigurationPlatforms) = preSolution
		Debug|Any CPU = Debug|Any CPU
		Debug|x64 = Debug|x64
		Debug|x86 = Debug|x86
		Release|Any CPU = Release|Any CPU
		Release|x64 = Release|x64
		Release|x86 = Release|x86
	EndGlobalSection
	GlobalSection(ProjectConfigurationPlatforms) = postSolution
		{76014A88-1F58-450A-9225-CEB19338094A}.Debug|Any CPU.ActiveCfg = Debug|Any CPU
		{76014A88-1F58-450A-9225-CEB19338094A}.Debug|Any CPU.Build.0 = Debug|Any CPU
		{76014A88-1F58-450A-9225-CEB19338094A}.Debug|x64.ActiveCfg = Debug|Any CPU
		{76014A88-1F58-450A-9225-CEB19338094A}.Debug|x64.Build.0 = Debug|Any CPU
		{76014A88-1F58-450A-9225-CEB19338094A}.Debug|x86.ActiveCfg = Debug|Any CPU
		{76014A88-1F58-450A-9225-CEB19338094A}.Debug|x86.Build.0 = Debug|Any CPU
		{76014A88-1F58-450A-9225-CEB19338094A}.Release|Any CPU.ActiveCfg = Release|Any CPU
		{76014A88-1F58-450A-9225-CEB19338094A}.Release|Any CPU.Build.0 = Release|Any CPU
		{76014A88-1F58-450A-9225-CEB19338094A}.Release|x64.ActiveCfg = Release|Any CPU
		{76014A88-1F58-450A-9225-CEB19338094A}.Release|x64.Build.0 = Release|Any CPU
		{76014A88-1F58-450A-9225-CEB19338094A}.Release|x86.ActiveCfg = Release|Any CPU
		{76014A88-1F58-450A-9225-CEB19338094A}.Release|x86.Build.0 = Release|Any CPU
	EndGlobalSection
	GlobalSection(SolutionProperties) = preSolution
		HideSolutionNode = FALSE
	EndGlobalSection
	GlobalSection(NestedProjects) = preSolution
		{76014A88-1F58-450A-9225-CEB19338094A} = {1DBD47E2-544B-F58A-27AE-70AE938492FA}
	EndGlobalSection
EndGlobal
